// !$*UTF8*$!
{
	archiveVersion = 1;
	classes = {
	};
	objectVersion = 56;
	objects = {

/* Begin PBXBuildFile section */
		BD77BB3E2A591C7600DA23CC /* AppDelegate.swift in Sources */ = {isa = PBXBuildFile; fileRef = BD77BB3D2A591C7600DA23CC /* AppDelegate.swift */; };
		BD77BB402A591C7600DA23CC /* SceneDelegate.swift in Sources */ = {isa = PBXBuildFile; fileRef = BD77BB3F2A591C7600DA23CC /* SceneDelegate.swift */; };
		BD77BB422A591C7600DA23CC /* ViewController.swift in Sources */ = {isa = PBXBuildFile; fileRef = BD77BB412A591C7600DA23CC /* ViewController.swift */; };
		BD77BB452A591C7600DA23CC /* Main.storyboard in Resources */ = {isa = PBXBuildFile; fileRef = BD77BB432A591C7600DA23CC /* Main.storyboard */; };
		BD77BB472A591C7900DA23CC /* Assets.xcassets in Resources */ = {isa = PBXBuildFile; fileRef = BD77BB462A591C7900DA23CC /* Assets.xcassets */; };
		BD77BB4A2A591C7900DA23CC /* LaunchScreen.storyboard in Resources */ = {isa = PBXBuildFile; fileRef = BD77BB482A591C7900DA23CC /* LaunchScreen.storyboard */; };
		BD77BB552A59205500DA23CC /* Member.swift in Sources */ = {isa = PBXBuildFile; fileRef = BD77BB542A59205500DA23CC /* Member.swift */; };
		BD77BB572A5927A200DA23CC /* MemberListManager.swift in Sources */ = {isa = PBXBuildFile; fileRef = BD77BB562A5927A200DA23CC /* MemberListManager.swift */; };
		BD77BB592A592FC800DA23CC /* MyTableViewCell.swift in Sources */ = {isa = PBXBuildFile; fileRef = BD77BB582A592FC800DA23CC /* MyTableViewCell.swift */; };
		BD77BB5B2A5942C000DA23CC /* DetailViewController.swift in Sources */ = {isa = PBXBuildFile; fileRef = BD77BB5A2A5942C000DA23CC /* DetailViewController.swift */; };
		BD77BB5D2A5942EB00DA23CC /* DetailView.swift in Sources */ = {isa = PBXBuildFile; fileRef = BD77BB5C2A5942EB00DA23CC /* DetailView.swift */; };
/* End PBXBuildFile section */

/* Begin PBXFileReference section */
		BD77BB3A2A591C7600DA23CC /* MemberList.app */ = {isa = PBXFileReference; explicitFileType = wrapper.application; includeInIndex = 0; path = MemberList.app; sourceTree = BUILT_PRODUCTS_DIR; };
		BD77BB3D2A591C7600DA23CC /* AppDelegate.swift */ = {isa = PBXFileReference; lastKnownFileType = sourcecode.swift; path = AppDelegate.swift; sourceTree = "<group>"; };
		BD77BB3F2A591C7600DA23CC /* SceneDelegate.swift */ = {isa = PBXFileReference; lastKnownFileType = sourcecode.swift; path = SceneDelegate.swift; sourceTree = "<group>"; };
		BD77BB412A591C7600DA23CC /* ViewController.swift */ = {isa = PBXFileReference; lastKnownFileType = sourcecode.swift; path = ViewController.swift; sourceTree = "<group>"; };
		BD77BB442A591C7600DA23CC /* Base */ = {isa = PBXFileReference; lastKnownFileType = file.storyboard; name = Base; path = Base.lproj/Main.storyboard; sourceTree = "<group>"; };
		BD77BB462A591C7900DA23CC /* Assets.xcassets */ = {isa = PBXFileReference; lastKnownFileType = folder.assetcatalog; path = Assets.xcassets; sourceTree = "<group>"; };
		BD77BB492A591C7900DA23CC /* Base */ = {isa = PBXFileReference; lastKnownFileType = file.storyboard; name = Base; path = Base.lproj/LaunchScreen.storyboard; sourceTree = "<group>"; };
		BD77BB4B2A591C7900DA23CC /* Info.plist */ = {isa = PBXFileReference; lastKnownFileType = text.plist.xml; path = Info.plist; sourceTree = "<group>"; };
		BD77BB542A59205500DA23CC /* Member.swift */ = {isa = PBXFileReference; lastKnownFileType = sourcecode.swift; path = Member.swift; sourceTree = "<group>"; };
		BD77BB562A5927A200DA23CC /* MemberListManager.swift */ = {isa = PBXFileReference; lastKnownFileType = sourcecode.swift; path = MemberListManager.swift; sourceTree = "<group>"; };
		BD77BB582A592FC800DA23CC /* MyTableViewCell.swift */ = {isa = PBXFileReference; lastKnownFileType = sourcecode.swift; path = MyTableViewCell.swift; sourceTree = "<group>"; };
		BD77BB5A2A5942C000DA23CC /* DetailViewController.swift */ = {isa = PBXFileReference; lastKnownFileType = sourcecode.swift; path = DetailViewController.swift; sourceTree = "<group>"; };
		BD77BB5C2A5942EB00DA23CC /* DetailView.swift */ = {isa = PBXFileReference; lastKnownFileType = sourcecode.swift; path = DetailView.swift; sourceTree = "<group>"; };
/* End PBXFileReference section */

/* Begin PBXFrameworksBuildPhase section */
		BD77BB372A591C7600DA23CC /* Frameworks */ = {
			isa = PBXFrameworksBuildPhase;
			buildActionMask = 2147483647;
			files = (
			);
			runOnlyForDeploymentPostprocessing = 0;
		};
/* End PBXFrameworksBuildPhase section */

/* Begin PBXGroup section */
		BD77BB312A591C7600DA23CC = {
			isa = PBXGroup;
			children = (
				BD77BB3C2A591C7600DA23CC /* MemberList */,
				BD77BB3B2A591C7600DA23CC /* Products */,
			);
			sourceTree = "<group>";
		};
		BD77BB3B2A591C7600DA23CC /* Products */ = {
			isa = PBXGroup;
			children = (
				BD77BB3A2A591C7600DA23CC /* MemberList.app */,
			);
			name = Products;
			sourceTree = "<group>";
		};
		BD77BB3C2A591C7600DA23CC /* MemberList */ = {
			isa = PBXGroup;
			children = (
				BD77BB3D2A591C7600DA23CC /* AppDelegate.swift */,
				BD77BB3F2A591C7600DA23CC /* SceneDelegate.swift */,
				BD77BB532A591FF400DA23CC /* Models */,
				BD77BB522A591FEF00DA23CC /* Views */,
				BD77BB512A591FE800DA23CC /* Controllers */,
				BD77BB462A591C7900DA23CC /* Assets.xcassets */,
				BD77BB482A591C7900DA23CC /* LaunchScreen.storyboard */,
				BD77BB4B2A591C7900DA23CC /* Info.plist */,
			);
			path = MemberList;
			sourceTree = "<group>";
		};
		BD77BB512A591FE800DA23CC /* Controllers */ = {
			isa = PBXGroup;
			children = (
				BD77BB412A591C7600DA23CC /* ViewController.swift */,
				BD77BB5A2A5942C000DA23CC /* DetailViewController.swift */,
			);
			path = Controllers;
			sourceTree = "<group>";
		};
		BD77BB522A591FEF00DA23CC /* Views */ = {
			isa = PBXGroup;
			children = (
				BD77BB432A591C7600DA23CC /* Main.storyboard */,
				BD77BB582A592FC800DA23CC /* MyTableViewCell.swift */,
				BD77BB5C2A5942EB00DA23CC /* DetailView.swift */,
			);
			path = Views;
			sourceTree = "<group>";
		};
		BD77BB532A591FF400DA23CC /* Models */ = {
			isa = PBXGroup;
			children = (
				BD77BB542A59205500DA23CC /* Member.swift */,
				BD77BB562A5927A200DA23CC /* MemberListManager.swift */,
			);
			path = Models;
			sourceTree = "<group>";
		};
/* End PBXGroup section */

/* Begin PBXNativeTarget section */
		BD77BB392A591C7600DA23CC /* MemberList */ = {
			isa = PBXNativeTarget;
			buildConfigurationList = BD77BB4E2A591C7900DA23CC /* Build configuration list for PBXNativeTarget "MemberList" */;
			buildPhases = (
				BD77BB362A591C7600DA23CC /* Sources */,
				BD77BB372A591C7600DA23CC /* Frameworks */,
				BD77BB382A591C7600DA23CC /* Resources */,
			);
			buildRules = (
			);
			dependencies = (
			);
			name = MemberList;
			productName = MemberList;
			productReference = BD77BB3A2A591C7600DA23CC /* MemberList.app */;
			productType = "com.apple.product-type.application";
		};
/* End PBXNativeTarget section */

/* Begin PBXProject section */
		BD77BB322A591C7600DA23CC /* Project object */ = {
			isa = PBXProject;
			attributes = {
				BuildIndependentTargetsInParallel = 1;
				LastSwiftUpdateCheck = 1430;
				LastUpgradeCheck = 1430;
				TargetAttributes = {
					BD77BB392A591C7600DA23CC = {
						CreatedOnToolsVersion = 14.3.1;
					};
				};
			};
			buildConfigurationList = BD77BB352A591C7600DA23CC /* Build configuration list for PBXProject "MemberList" */;
			compatibilityVersion = "Xcode 14.0";
			developmentRegion = en;
			hasScannedForEncodings = 0;
			knownRegions = (
				en,
				Base,
			);
			mainGroup = BD77BB312A591C7600DA23CC;
			productRefGroup = BD77BB3B2A591C7600DA23CC /* Products */;
			projectDirPath = "";
			projectRoot = "";
			targets = (
				BD77BB392A591C7600DA23CC /* MemberList */,
			);
		};
/* End PBXProject section */

/* Begin PBXResourcesBuildPhase section */
		BD77BB382A591C7600DA23CC /* Resources */ = {
			isa = PBXResourcesBuildPhase;
			buildActionMask = 2147483647;
			files = (
				BD77BB4A2A591C7900DA23CC /* LaunchScreen.storyboard in Resources */,
				BD77BB472A591C7900DA23CC /* Assets.xcassets in Resources */,
				BD77BB452A591C7600DA23CC /* Main.storyboard in Resources */,
			);
			runOnlyForDeploymentPostprocessing = 0;
		};
/* End PBXResourcesBuildPhase section */

/* Begin PBXSourcesBuildPhase section */
		BD77BB362A591C7600DA23CC /* Sources */ = {
			isa = PBXSourcesBuildPhase;
			buildActionMask = 2147483647;
			files = (
				BD77BB572A5927A200DA23CC /* MemberListManager.swift in Sources */,
				BD77BB5D2A5942EB00DA23CC /* DetailView.swift in Sources */,
				BD77BB422A591C7600DA23CC /* ViewController.swift in Sources */,
				BD77BB3E2A591C7600DA23CC /* AppDelegate.swift in Sources */,
				BD77BB402A591C7600DA23CC /* SceneDelegate.swift in Sources */,
				BD77BB552A59205500DA23CC /* Member.swift in Sources */,
				BD77BB592A592FC800DA23CC /* MyTableViewCell.swift in Sources */,
				BD77BB5B2A5942C000DA23CC /* DetailViewController.swift in Sources */,
			);
			runOnlyForDeploymentPostprocessing = 0;
		};
/* End PBXSourcesBuildPhase section */

/* Begin PBXVariantGroup section */
		BD77BB432A591C7600DA23CC /* Main.storyboard */ = {
			isa = PBXVariantGroup;
			children = (
				BD77BB442A591C7600DA23CC /* Base */,
			);
			name = Main.storyboard;
			sourceTree = "<group>";
		};
		BD77BB482A591C7900DA23CC /* LaunchScreen.storyboard */ = {
			isa = PBXVariantGroup;
			children = (
				BD77BB492A591C7900DA23CC /* Base */,
			);
			name = LaunchScreen.storyboard;
			sourceTree = "<group>";
		};
/* End PBXVariantGroup section */

/* Begin XCBuildConfiguration section */
		BD77BB4C2A591C7900DA23CC /* Debug */ = {
			isa = XCBuildConfiguration;
			buildSettings = {
				ALWAYS_SEARCH_USER_PATHS = NO;
				CLANG_ANALYZER_NONNULL = YES;
				CLANG_ANALYZER_NUMBER_OBJECT_CONVERSION = YES_AGGRESSIVE;
				CLANG_CXX_LANGUAGE_STANDARD = "gnu++20";
				CLANG_ENABLE_MODULES = YES;
				CLANG_ENABLE_OBJC_ARC = YES;
				CLANG_ENABLE_OBJC_WEAK = YES;
				CLANG_WARN_BLOCK_CAPTURE_AUTORELEASING = YES;
				CLANG_WARN_BOOL_CONVERSION = YES;
				CLANG_WARN_COMMA = YES;
				CLANG_WARN_CONSTANT_CONVERSION = YES;
				CLANG_WARN_DEPRECATED_OBJC_IMPLEMENTATIONS = YES;
				CLANG_WARN_DIRECT_OBJC_ISA_USAGE = YES_ERROR;
				CLANG_WARN_DOCUMENTATION_COMMENTS = YES;
				CLANG_WARN_EMPTY_BODY = YES;
				CLANG_WARN_ENUM_CONVERSION = YES;
				CLANG_WARN_INFINITE_RECURSION = YES;
				CLANG_WARN_INT_CONVERSION = YES;
				CLANG_WARN_NON_LITERAL_NULL_CONVERSION = YES;
				CLANG_WARN_OBJC_IMPLICIT_RETAIN_SELF = YES;
				CLANG_WARN_OBJC_LITERAL_CONVERSION = YES;
				CLANG_WARN_OBJC_ROOT_CLASS = YES_ERROR;
				CLANG_WARN_QUOTED_INCLUDE_IN_FRAMEWORK_HEADER = YES;
				CLANG_WARN_RANGE_LOOP_ANALYSIS = YES;
				CLANG_WARN_STRICT_PROTOTYPES = YES;
				CLANG_WARN_SUSPICIOUS_MOVE = YES;
				CLANG_WARN_UNGUARDED_AVAILABILITY = YES_AGGRESSIVE;
				CLANG_WARN_UNREACHABLE_CODE = YES;
				CLANG_WARN__DUPLICATE_METHOD_MATCH = YES;
				COPY_PHASE_STRIP = NO;
				DEBUG_INFORMATION_FORMAT = dwarf;
				ENABLE_STRICT_OBJC_MSGSEND = YES;
				ENABLE_TESTABILITY = YES;
				GCC_C_LANGUAGE_STANDARD = gnu11;
				GCC_DYNAMIC_NO_PIC = NO;
				GCC_NO_COMMON_BLOCKS = YES;
				GCC_OPTIMIZATION_LEVEL = 0;
				GCC_PREPROCESSOR_DEFINITIONS = (
					"DEBUG=1",
					"$(inherited)",
				);
				GCC_WARN_64_TO_32_BIT_CONVERSION = YES;
				GCC_WARN_ABOUT_RETURN_TYPE = YES_ERROR;
				GCC_WARN_UNDECLARED_SELECTOR = YES;
				GCC_WARN_UNINITIALIZED_AUTOS = YES_AGGRESSIVE;
				GCC_WARN_UNUSED_FUNCTION = YES;
				GCC_WARN_UNUSED_VARIABLE = YES;
				IPHONEOS_DEPLOYMENT_TARGET = 16.4;
				MTL_ENABLE_DEBUG_INFO = INCLUDE_SOURCE;
				MTL_FAST_MATH = YES;
				ONLY_ACTIVE_ARCH = YES;
				SDKROOT = iphoneos;
				SWIFT_ACTIVE_COMPILATION_CONDITIONS = DEBUG;
				SWIFT_OPTIMIZATION_LEVEL = "-Onone";
			};
			name = Debug;
		};
		BD77BB4D2A591C7900DA23CC /* Release */ = {
			isa = XCBuildConfiguration;
			buildSettings = {
				ALWAYS_SEARCH_USER_PATHS = NO;
				CLANG_ANALYZER_NONNULL = YES;
				CLANG_ANALYZER_NUMBER_OBJECT_CONVERSION = YES_AGGRESSIVE;
				CLANG_CXX_LANGUAGE_STANDARD = "gnu++20";
				CLANG_ENABLE_MODULES = YES;
				CLANG_ENABLE_OBJC_ARC = YES;
				CLANG_ENABLE_OBJC_WEAK = YES;
				CLANG_WARN_BLOCK_CAPTURE_AUTORELEASING = YES;
				CLANG_WARN_BOOL_CONVERSION = YES;
				CLANG_WARN_COMMA = YES;
				CLANG_WARN_CONSTANT_CONVERSION = YES;
				CLANG_WARN_DEPRECATED_OBJC_IMPLEMENTATIONS = YES;
				CLANG_WARN_DIRECT_OBJC_ISA_USAGE = YES_ERROR;
				CLANG_WARN_DOCUMENTATION_COMMENTS = YES;
				CLANG_WARN_EMPTY_BODY = YES;
				CLANG_WARN_ENUM_CONVERSION = YES;
				CLANG_WARN_INFINITE_RECURSION = YES;
				CLANG_WARN_INT_CONVERSION = YES;
				CLANG_WARN_NON_LITERAL_NULL_CONVERSION = YES;
				CLANG_WARN_OBJC_IMPLICIT_RETAIN_SELF = YES;
				CLANG_WARN_OBJC_LITERAL_CONVERSION = YES;
				CLANG_WARN_OBJC_ROOT_CLASS = YES_ERROR;
				CLANG_WARN_QUOTED_INCLUDE_IN_FRAMEWORK_HEADER = YES;
				CLANG_WARN_RANGE_LOOP_ANALYSIS = YES;
				CLANG_WARN_STRICT_PROTOTYPES = YES;
				CLANG_WARN_SUSPICIOUS_MOVE = YES;
				CLANG_WARN_UNGUARDED_AVAILABILITY = YES_AGGRESSIVE;
				CLANG_WARN_UNREACHABLE_CODE = YES;
				CLANG_WARN__DUPLICATE_METHOD_MATCH = YES;
				COPY_PHASE_STRIP = NO;
				DEBUG_INFORMATION_FORMAT = "dwarf-with-dsym";
				ENABLE_NS_ASSERTIONS = NO;
				ENABLE_STRICT_OBJC_MSGSEND = YES;
				GCC_C_LANGUAGE_STANDARD = gnu11;
				GCC_NO_COMMON_BLOCKS = YES;
				GCC_WARN_64_TO_32_BIT_CONVERSION = YES;
				GCC_WARN_ABOUT_RETURN_TYPE = YES_ERROR;
				GCC_WARN_UNDECLARED_SELECTOR = YES;
				GCC_WARN_UNINITIALIZED_AUTOS = YES_AGGRESSIVE;
				GCC_WARN_UNUSED_FUNCTION = YES;
				GCC_WARN_UNUSED_VARIABLE = YES;
				IPHONEOS_DEPLOYMENT_TARGET = 16.4;
				MTL_ENABLE_DEBUG_INFO = NO;
				MTL_FAST_MATH = YES;
				SDKROOT = iphoneos;
				SWIFT_COMPILATION_MODE = wholemodule;
				SWIFT_OPTIMIZATION_LEVEL = "-O";
				VALIDATE_PRODUCT = YES;
			};
			name = Release;
		};
		BD77BB4F2A591C7900DA23CC /* Debug */ = {
			isa = XCBuildConfiguration;
			buildSettings = {
				ASSETCATALOG_COMPILER_APPICON_NAME = AppIcon;
				ASSETCATALOG_COMPILER_GLOBAL_ACCENT_COLOR_NAME = AccentColor;
				CODE_SIGN_STYLE = Automatic;
				CURRENT_PROJECT_VERSION = 1;
				GENERATE_INFOPLIST_FILE = YES;
				INFOPLIST_FILE = MemberList/Info.plist;
				INFOPLIST_KEY_UIApplicationSupportsIndirectInputEvents = YES;
				INFOPLIST_KEY_UILaunchStoryboardName = LaunchScreen;
				INFOPLIST_KEY_UIMainStoryboardFile = Main;
				INFOPLIST_KEY_UISupportedInterfaceOrientations = UIInterfaceOrientationPortrait;
				IPHONEOS_DEPLOYMENT_TARGET = 14.1;
				LD_RUNPATH_SEARCH_PATHS = (
					"$(inherited)",
					"@executable_path/Frameworks",
				);
				MARKETING_VERSION = 1.0;
				PRODUCT_BUNDLE_IDENTIFIER = com.emptyhead.MemberList;
				PRODUCT_NAME = "$(TARGET_NAME)";
				SWIFT_EMIT_LOC_STRINGS = YES;
				SWIFT_VERSION = 5.0;
				TARGETED_DEVICE_FAMILY = "1,2";
			};
			name = Debug;
		};
		BD77BB502A591C7900DA23CC /* Release */ = {
			isa = XCBuildConfiguration;
			buildSettings = {
				ASSETCATALOG_COMPILER_APPICON_NAME = AppIcon;
				ASSETCATALOG_COMPILER_GLOBAL_ACCENT_COLOR_NAME = AccentColor;
				CODE_SIGN_STYLE = Automatic;
				CURRENT_PROJECT_VERSION = 1;
				GENERATE_INFOPLIST_FILE = YES;
				INFOPLIST_FILE = MemberList/Info.plist;
				INFOPLIST_KEY_UIApplicationSupportsIndirectInputEvents = YES;
				INFOPLIST_KEY_UILaunchStoryboardName = LaunchScreen;
				INFOPLIST_KEY_UIMainStoryboardFile = Main;
				INFOPLIST_KEY_UISupportedInterfaceOrientations = UIInterfaceOrientationPortrait;
				IPHONEOS_DEPLOYMENT_TARGET = 14.1;
				LD_RUNPATH_SEARCH_PATHS = (
					"$(inherited)",
					"@executable_path/Frameworks",
				);
				MARKETING_VERSION = 1.0;
				PRODUCT_BUNDLE_IDENTIFIER = com.emptyhead.MemberList;
				PRODUCT_NAME = "$(TARGET_NAME)";
				SWIFT_EMIT_LOC_STRINGS = YES;
				SWIFT_VERSION = 5.0;
				TARGETED_DEVICE_FAMILY = "1,2";
			};
			name = Release;
		};
/* End XCBuildConfiguration section */

/* Begin XCConfigurationList section */
		BD77BB352A591C7600DA23CC /* Build configuration list for PBXProject "MemberList" */ = {
			isa = XCConfigurationList;
			buildConfigurations = (
				BD77BB4C2A591C7900DA23CC /* Debug */,
				BD77BB4D2A591C7900DA23CC /* Release */,
			);
			defaultConfigurationIsVisible = 0;
			defaultConfigurationName = Release;
		};
		BD77BB4E2A591C7900DA23CC /* Build configuration list for PBXNativeTarget "MemberList" */ = {
			isa = XCConfigurationList;
			buildConfigurations = (
				BD77BB4F2A591C7900DA23CC /* Debug */,
				BD77BB502A591C7900DA23CC /* Release */,
			);
			defaultConfigurationIsVisible = 0;
			defaultConfigurationName = Release;
		};
/* End XCConfigurationList section */
	};
	rootObject = BD77BB322A591C7600DA23CC /* Project object */;
}
